
Microsoft Visual Studio Solution File, Format Version 12.00
# Visual Studio 14
VisualStudioVersion = 14.0.25420.1
MinimumVisualStudioVersion = 10.0.40219.1
Project("{2150E333-8FDC-42A3-9474-1A3956D46DE8}") = "Core", "Core", "{4EC28496-6A93-4A2F-AE21-12FC574E8F1E}"
EndProject
Project("{2150E333-8FDC-42A3-9474-1A3956D46DE8}") = "DataAccess", "DataAccess", "{8ECA59E0-E003-4EAF-97FA-76B04E309C34}"
EndProject
Project("{2150E333-8FDC-42A3-9474-1A3956D46DE8}") = "AuthenticationProviders", "AuthenticationProviders", "{F5852A38-101F-40BE-AFB8-FC542AA3A6C0}"
EndProject
Project("{2150E333-8FDC-42A3-9474-1A3956D46DE8}") = "Azure", "Azure", "{250683D9-35EF-42FE-A4B2-18FBC64048EE}"
EndProject
Project("{2150E333-8FDC-42A3-9474-1A3956D46DE8}") = "Samples", "Samples", "{5EB6569C-F3E9-44D6-A886-7B8096C7832F}"
EndProject
Project("{00D1A9C2-B5F0-4AF3-8072-F6C62B433612}") = "Vulcan.Core.Auth.Database", "Vulcan.Core.Auth.Database\Vulcan.Core.Auth.Database.sqlproj", "{93AAFA36-8DE2-43F9-8F64-246FA5CA2FD6}"
EndProject
Project("{FAE04EC0-301F-11D3-BF4B-00C04F79EFBC}") = "Vulcan.Core.Auth.Models", "Vulcan.Core.Auth.Models\Vulcan.Core.Auth.Models.csproj", "{86C05EAE-B2DC-4075-A3A4-920A61B87F4D}"
EndProject
Project("{FAE04EC0-301F-11D3-BF4B-00C04F79EFBC}") = "Vulcan.Core.Auth.ProviderBase", "Vulcan.Core.Auth.ProviderBase\Vulcan.Core.Auth.ProviderBase.csproj", "{FCE3F3EE-1E08-4F50-9F65-671938BA9853}"
EndProject
Project("{FAE04EC0-301F-11D3-BF4B-00C04F79EFBC}") = "Vulcan.Core.Auth.AzureAuthProvider", "Vulcan.Core.Auth.AzureAuthProvider\Vulcan.Core.Auth.AzureAuthProvider.csproj", "{F95D4819-B6FE-4B10-94E2-25A5AD442A5A}"
EndProject
Project("{00D1A9C2-B5F0-4AF3-8072-F6C62B433612}") = "Vulcan.Core.Auth.AzureAuthProvider.Database", "Vulcan.Core.Auth.AzureAuthProvider.Database\Vulcan.Core.Auth.AzureAuthProvider.Database.sqlproj", "{41D2158D-DBA8-4298-82F9-FF1016AC6ACC}"
EndProject
Project("{FAE04EC0-301F-11D3-BF4B-00C04F79EFBC}") = "Vulcan.Core.DataAccess", "Vulcan.Core.DataAccess\Vulcan.Core.DataAccess.csproj", "{9BDFCE47-F8CF-4681-A617-1695096BCA1B}"
EndProject
Project("{00D1A9C2-B5F0-4AF3-8072-F6C62B433612}") = "Vulcan.Core.Database", "Vulcan.Core.Database\Vulcan.Core.Database.sqlproj", "{B843C518-200A-42DB-82CE-01E88003E92F}"
EndProject
Project("{FAE04EC0-301F-11D3-BF4B-00C04F79EFBC}") = "Vulcan.Core.Utilities", "Vulcan.Core.Utilities\Vulcan.Core.Utilities.csproj", "{1468BB8C-C358-4923-8C11-BEFF4763288F}"
EndProject
Project("{FAE04EC0-301F-11D3-BF4B-00C04F79EFBC}") = "SampleBusinessLogic", "SampleBusinessLogic\SampleBusinessLogic.csproj", "{80B89739-7BB1-4C9F-B2D8-C9C7A1D082B1}"
EndProject
Project("{FAE04EC0-301F-11D3-BF4B-00C04F79EFBC}") = "SampleConsole", "SampleConsole\SampleConsole.csproj", "{2AB009F9-AB5E-4D6A-B101-8FF0F7286B32}"
EndProject
Project("{FAE04EC0-301F-11D3-BF4B-00C04F79EFBC}") = "SampleWebAPI", "SampleWebAPI\SampleWebAPI.csproj", "{BE319286-E1FE-4B8E-B633-4C01F0AF0812}"
EndProject
Project("{FAE04EC0-301F-11D3-BF4B-00C04F79EFBC}") = "Vulcan.Core", "Vulcan.Core\Vulcan.Core.csproj", "{43EA79C5-420E-438E-95F4-F27204E9A20A}"
EndProject
Project("{00D1A9C2-B5F0-4AF3-8072-F6C62B433612}") = "Vulcan.Core.InternalDatabase", "Vulcan.Core.InternalDatabase\Vulcan.Core.InternalDatabase.sqlproj", "{2C301844-618C-4005-9793-B648BA336CCC}"
EndProject
Project("{FAE04EC0-301F-11D3-BF4B-00C04F79EFBC}") = "Vulcan.Core.SharedApp", "Vulcan.Core.SharedApp\Vulcan.Core.SharedApp.csproj", "{EDEF1D1F-4957-4613-A0D3-F8A6D72C0F2E}"
EndProject
Project("{FAE04EC0-301F-11D3-BF4B-00C04F79EFBC}") = "Vulcan.Core.TenantDatabaseGenerateJob", "Vulcan.Core.TenantDatabaseGenerateJob\Vulcan.Core.TenantDatabaseGenerateJob.csproj", "{B0738263-FBA8-43B1-A549-7340A01B12FA}"
EndProject
Project("{00D1A9C2-B5F0-4AF3-8072-F6C62B433612}") = "Vulcan.Core.Auth.Database.Migrations", "Vulcan.Core.Auth.Database.Migrations\Vulcan.Core.Auth.Database.Migrations.sqlproj", "{D8951951-0EA1-42AD-B739-C78A9C609914}"
EndProject
Global
	GlobalSection(SolutionConfigurationPlatforms) = preSolution
		Debug|Any CPU = Debug|Any CPU
		Release|Any CPU = Release|Any CPU
	EndGlobalSection
	GlobalSection(ProjectConfigurationPlatforms) = postSolution
		{93AAFA36-8DE2-43F9-8F64-246FA5CA2FD6}.Debug|Any CPU.ActiveCfg = Debug|Any CPU
		{93AAFA36-8DE2-43F9-8F64-246FA5CA2FD6}.Debug|Any CPU.Build.0 = Debug|Any CPU
		{93AAFA36-8DE2-43F9-8F64-246FA5CA2FD6}.Debug|Any CPU.Deploy.0 = Debug|Any CPU
		{93AAFA36-8DE2-43F9-8F64-246FA5CA2FD6}.Release|Any CPU.ActiveCfg = Release|Any CPU
		{93AAFA36-8DE2-43F9-8F64-246FA5CA2FD6}.Release|Any CPU.Build.0 = Release|Any CPU
		{93AAFA36-8DE2-43F9-8F64-246FA5CA2FD6}.Release|Any CPU.Deploy.0 = Release|Any CPU
		{86C05EAE-B2DC-4075-A3A4-920A61B87F4D}.Debug|Any CPU.ActiveCfg = Debug|Any CPU
		{86C05EAE-B2DC-4075-A3A4-920A61B87F4D}.Debug|Any CPU.Build.0 = Debug|Any CPU
		{86C05EAE-B2DC-4075-A3A4-920A61B87F4D}.Release|Any CPU.ActiveCfg = Release|Any CPU
		{86C05EAE-B2DC-4075-A3A4-920A61B87F4D}.Release|Any CPU.Build.0 = Release|Any CPU
		{FCE3F3EE-1E08-4F50-9F65-671938BA9853}.Debug|Any CPU.ActiveCfg = Debug|Any CPU
		{FCE3F3EE-1E08-4F50-9F65-671938BA9853}.Debug|Any CPU.Build.0 = Debug|Any CPU
		{FCE3F3EE-1E08-4F50-9F65-671938BA9853}.Release|Any CPU.ActiveCfg = Release|Any CPU
		{FCE3F3EE-1E08-4F50-9F65-671938BA9853}.Release|Any CPU.Build.0 = Release|Any CPU
		{F95D4819-B6FE-4B10-94E2-25A5AD442A5A}.Debug|Any CPU.ActiveCfg = Debug|Any CPU
		{F95D4819-B6FE-4B10-94E2-25A5AD442A5A}.Debug|Any CPU.Build.0 = Debug|Any CPU
		{F95D4819-B6FE-4B10-94E2-25A5AD442A5A}.Release|Any CPU.ActiveCfg = Release|Any CPU
		{F95D4819-B6FE-4B10-94E2-25A5AD442A5A}.Release|Any CPU.Build.0 = Release|Any CPU
		{41D2158D-DBA8-4298-82F9-FF1016AC6ACC}.Debug|Any CPU.ActiveCfg = Debug|Any CPU
		{41D2158D-DBA8-4298-82F9-FF1016AC6ACC}.Debug|Any CPU.Build.0 = Debug|Any CPU
		{41D2158D-DBA8-4298-82F9-FF1016AC6ACC}.Debug|Any CPU.Deploy.0 = Debug|Any CPU
		{41D2158D-DBA8-4298-82F9-FF1016AC6ACC}.Release|Any CPU.ActiveCfg = Release|Any CPU
		{41D2158D-DBA8-4298-82F9-FF1016AC6ACC}.Release|Any CPU.Build.0 = Release|Any CPU
		{41D2158D-DBA8-4298-82F9-FF1016AC6ACC}.Release|Any CPU.Deploy.0 = Release|Any CPU
		{9BDFCE47-F8CF-4681-A617-1695096BCA1B}.Debug|Any CPU.ActiveCfg = Debug|Any CPU
		{9BDFCE47-F8CF-4681-A617-1695096BCA1B}.Debug|Any CPU.Build.0 = Debug|Any CPU
		{9BDFCE47-F8CF-4681-A617-1695096BCA1B}.Release|Any CPU.ActiveCfg = Release|Any CPU
		{9BDFCE47-F8CF-4681-A617-1695096BCA1B}.Release|Any CPU.Build.0 = Release|Any CPU
		{B843C518-200A-42DB-82CE-01E88003E92F}.Debug|Any CPU.ActiveCfg = Debug|Any CPU
		{B843C518-200A-42DB-82CE-01E88003E92F}.Debug|Any CPU.Build.0 = Debug|Any CPU
		{B843C518-200A-42DB-82CE-01E88003E92F}.Debug|Any CPU.Deploy.0 = Debug|Any CPU
		{B843C518-200A-42DB-82CE-01E88003E92F}.Release|Any CPU.ActiveCfg = Release|Any CPU
		{B843C518-200A-42DB-82CE-01E88003E92F}.Release|Any CPU.Build.0 = Release|Any CPU
		{B843C518-200A-42DB-82CE-01E88003E92F}.Release|Any CPU.Deploy.0 = Release|Any CPU
		{1468BB8C-C358-4923-8C11-BEFF4763288F}.Debug|Any CPU.ActiveCfg = Debug|Any CPU
		{1468BB8C-C358-4923-8C11-BEFF4763288F}.Debug|Any CPU.Build.0 = Debug|Any CPU
		{1468BB8C-C358-4923-8C11-BEFF4763288F}.Release|Any CPU.ActiveCfg = Release|Any CPU
		{1468BB8C-C358-4923-8C11-BEFF4763288F}.Release|Any CPU.Build.0 = Release|Any CPU
		{80B89739-7BB1-4C9F-B2D8-C9C7A1D082B1}.Debug|Any CPU.ActiveCfg = Debug|Any CPU
		{80B89739-7BB1-4C9F-B2D8-C9C7A1D082B1}.Debug|Any CPU.Build.0 = Debug|Any CPU
		{80B89739-7BB1-4C9F-B2D8-C9C7A1D082B1}.Release|Any CPU.ActiveCfg = Release|Any CPU
		{80B89739-7BB1-4C9F-B2D8-C9C7A1D082B1}.Release|Any CPU.Build.0 = Release|Any CPU
		{2AB009F9-AB5E-4D6A-B101-8FF0F7286B32}.Debug|Any CPU.ActiveCfg = Debug|Any CPU
		{2AB009F9-AB5E-4D6A-B101-8FF0F7286B32}.Debug|Any CPU.Build.0 = Debug|Any CPU
		{2AB009F9-AB5E-4D6A-B101-8FF0F7286B32}.Release|Any CPU.ActiveCfg = Release|Any CPU
		{2AB009F9-AB5E-4D6A-B101-8FF0F7286B32}.Release|Any CPU.Build.0 = Release|Any CPU
		{BE319286-E1FE-4B8E-B633-4C01F0AF0812}.Debug|Any CPU.ActiveCfg = Debug|Any CPU
		{BE319286-E1FE-4B8E-B633-4C01F0AF0812}.Debug|Any CPU.Build.0 = Debug|Any CPU
		{BE319286-E1FE-4B8E-B633-4C01F0AF0812}.Release|Any CPU.ActiveCfg = Release|Any CPU
		{BE319286-E1FE-4B8E-B633-4C01F0AF0812}.Release|Any CPU.Build.0 = Release|Any CPU
		{43EA79C5-420E-438E-95F4-F27204E9A20A}.Debug|Any CPU.ActiveCfg = Debug|Any CPU
		{43EA79C5-420E-438E-95F4-F27204E9A20A}.Debug|Any CPU.Build.0 = Debug|Any CPU
		{43EA79C5-420E-438E-95F4-F27204E9A20A}.Release|Any CPU.ActiveCfg = Release|Any CPU
		{43EA79C5-420E-438E-95F4-F27204E9A20A}.Release|Any CPU.Build.0 = Release|Any CPU
		{2C301844-618C-4005-9793-B648BA336CCC}.Debug|Any CPU.ActiveCfg = Debug|Any CPU
		{2C301844-618C-4005-9793-B648BA336CCC}.Debug|Any CPU.Build.0 = Debug|Any CPU
		{2C301844-618C-4005-9793-B648BA336CCC}.Debug|Any CPU.Deploy.0 = Debug|Any CPU
		{2C301844-618C-4005-9793-B648BA336CCC}.Release|Any CPU.ActiveCfg = Release|Any CPU
		{2C301844-618C-4005-9793-B648BA336CCC}.Release|Any CPU.Build.0 = Release|Any CPU
		{2C301844-618C-4005-9793-B648BA336CCC}.Release|Any CPU.Deploy.0 = Release|Any CPU
		{EDEF1D1F-4957-4613-A0D3-F8A6D72C0F2E}.Debug|Any CPU.ActiveCfg = Debug|Any CPU
		{EDEF1D1F-4957-4613-A0D3-F8A6D72C0F2E}.Debug|Any CPU.Build.0 = Debug|Any CPU
		{EDEF1D1F-4957-4613-A0D3-F8A6D72C0F2E}.Release|Any CPU.ActiveCfg = Release|Any CPU
		{EDEF1D1F-4957-4613-A0D3-F8A6D72C0F2E}.Release|Any CPU.Build.0 = Release|Any CPU
		{B0738263-FBA8-43B1-A549-7340A01B12FA}.Debug|Any CPU.ActiveCfg = Debug|Any CPU
		{B0738263-FBA8-43B1-A549-7340A01B12FA}.Debug|Any CPU.Build.0 = Debug|Any CPU
		{B0738263-FBA8-43B1-A549-7340A01B12FA}.Release|Any CPU.ActiveCfg = Release|Any CPU
		{B0738263-FBA8-43B1-A549-7340A01B12FA}.Release|Any CPU.Build.0 = Release|Any CPU
		{D8951951-0EA1-42AD-B739-C78A9C609914}.Debug|Any CPU.ActiveCfg = Debug|Any CPU
		{D8951951-0EA1-42AD-B739-C78A9C609914}.Debug|Any CPU.Build.0 = Debug|Any CPU
		{D8951951-0EA1-42AD-B739-C78A9C609914}.Debug|Any CPU.Deploy.0 = Debug|Any CPU
		{D8951951-0EA1-42AD-B739-C78A9C609914}.Release|Any CPU.ActiveCfg = Release|Any CPU
		{D8951951-0EA1-42AD-B739-C78A9C609914}.Release|Any CPU.Build.0 = Release|Any CPU
		{D8951951-0EA1-42AD-B739-C78A9C609914}.Release|Any CPU.Deploy.0 = Release|Any CPU
	EndGlobalSection
	GlobalSection(SolutionProperties) = preSolution
		HideSolutionNode = FALSE
	EndGlobalSection
	GlobalSection(NestedProjects) = preSolution
		{F5852A38-101F-40BE-AFB8-FC542AA3A6C0} = {4EC28496-6A93-4A2F-AE21-12FC574E8F1E}
		{250683D9-35EF-42FE-A4B2-18FBC64048EE} = {F5852A38-101F-40BE-AFB8-FC542AA3A6C0}
		{93AAFA36-8DE2-43F9-8F64-246FA5CA2FD6} = {4EC28496-6A93-4A2F-AE21-12FC574E8F1E}
		{86C05EAE-B2DC-4075-A3A4-920A61B87F4D} = {4EC28496-6A93-4A2F-AE21-12FC574E8F1E}
		{FCE3F3EE-1E08-4F50-9F65-671938BA9853} = {4EC28496-6A93-4A2F-AE21-12FC574E8F1E}
		{F95D4819-B6FE-4B10-94E2-25A5AD442A5A} = {250683D9-35EF-42FE-A4B2-18FBC64048EE}
		{41D2158D-DBA8-4298-82F9-FF1016AC6ACC} = {250683D9-35EF-42FE-A4B2-18FBC64048EE}
		{9BDFCE47-F8CF-4681-A617-1695096BCA1B} = {8ECA59E0-E003-4EAF-97FA-76B04E309C34}
		{B843C518-200A-42DB-82CE-01E88003E92F} = {8ECA59E0-E003-4EAF-97FA-76B04E309C34}
		{1468BB8C-C358-4923-8C11-BEFF4763288F} = {4EC28496-6A93-4A2F-AE21-12FC574E8F1E}
		{80B89739-7BB1-4C9F-B2D8-C9C7A1D082B1} = {5EB6569C-F3E9-44D6-A886-7B8096C7832F}
		{2AB009F9-AB5E-4D6A-B101-8FF0F7286B32} = {5EB6569C-F3E9-44D6-A886-7B8096C7832F}
		{BE319286-E1FE-4B8E-B633-4C01F0AF0812} = {5EB6569C-F3E9-44D6-A886-7B8096C7832F}
		{43EA79C5-420E-438E-95F4-F27204E9A20A} = {4EC28496-6A93-4A2F-AE21-12FC574E8F1E}
		{2C301844-618C-4005-9793-B648BA336CCC} = {4EC28496-6A93-4A2F-AE21-12FC574E8F1E}
		{EDEF1D1F-4957-4613-A0D3-F8A6D72C0F2E} = {4EC28496-6A93-4A2F-AE21-12FC574E8F1E}
		{B0738263-FBA8-43B1-A549-7340A01B12FA} = {4EC28496-6A93-4A2F-AE21-12FC574E8F1E}
		{D8951951-0EA1-42AD-B739-C78A9C609914} = {4EC28496-6A93-4A2F-AE21-12FC574E8F1E}
	EndGlobalSection
EndGlobal
